
Microsoft Visual Studio Solution File, Format Version 12.00
# Visual Studio Version 16
VisualStudioVersion = 16.0.29209.62
MinimumVisualStudioVersion = 10.0.40219.1
Project("{FAE04EC0-301F-11D3-BF4B-00C04F79EFBC}") = "Enumerator", "Enumerator\Enumerator.csproj", "{980C69C2-303C-4C84-9BBC-07E37A2AD45C}"
EndProject
Global
	GlobalSection(SolutionConfigurationPlatforms) = preSolution
		Debug|Any CPU = Debug|Any CPU
		Release|Any CPU = Release|Any CPU
	EndGlobalSection
	GlobalSection(ProjectConfigurationPlatforms) = postSolution
		{980C69C2-303C-4C84-9BBC-07E37A2AD45C}.Debug|Any CPU.ActiveCfg = Debug|Any CPU
		{980C69C2-303C-4C84-9BBC-07E37A2AD45C}.Debug|Any CPU.Build.0 = Debug|Any CPU
		{980C69C2-303C-4C84-9BBC-07E37A2AD45C}.Release|Any CPU.ActiveCfg = Release|Any CPU
		{980C69C2-303C-4C84-9BBC-07E37A2AD45C}.Release|Any CPU.Build.0 = Release|Any CPU
	EndGlobalSection
	GlobalSection(SolutionProperties) = preSolution
		HideSolutionNode = FALSE
	EndGlobalSection
	GlobalSection(ExtensibilityGlobals) = postSolution
		SolutionGuid = {5381A3F2-AC1B-4EEE-84B5-1EC061187678}
	EndGlobalSection
EndGlobal
